# This file was autogenerated by uv via the following command:
#    uv pip compile --python-version 3.11 --python-platform linux requirements.txt -o requirements.lock
alembic==1.18.4
    # via -r requirements.txt
annotated-doc==0.0.4
    # via
    #   fastapi
    #   typer
annotated-types==0.7.0
    # via pydantic
anyio==4.12.1
    # via
    #   -r requirements.txt
    #   httpx
    #   openai
    #   sse-starlette
    #   starlette
apscheduler==3.11.2
    # via -r requirements.txt
asgiref==3.11.1
    # via opentelemetry-instrumentation-asgi
async-timeout==5.0.1
    # via redis
asyncpg==0.31.0
    # via -r requirements.txt
blis==1.3.3
    # via thinc
catalogue==2.0.10
    # via
    #   spacy
    #   srsly
    #   thinc
certifi==2026.2.25
    # via
    #   httpcore
    #   httpx
    #   opensearch-py
    #   requests
cffi==2.0.0
    # via cryptography
charset-normalizer==3.4.4
    # via requests
click==8.3.1
    # via
    #   typer
    #   uvicorn
cloudpathlib==0.23.0
    # via weasel
confection==0.1.5
    # via
    #   thinc
    #   weasel
coverage==7.13.4
    # via pytest-cov
cryptography==46.0.5
    # via
    #   presidio-anonymizer
    #   pyjwt
cymem==2.0.13
    # via
    #   preshed
    #   spacy
    #   thinc
distro==1.9.0
    # via openai
events==0.5
    # via opensearch-py
fastapi==0.135.1
    # via -r requirements.txt
filelock==3.25.0
    # via
    #   -r requirements.txt
    #   tldextract
googleapis-common-protos==1.72.0
    # via
    #   opentelemetry-exporter-otlp-proto-grpc
    #   opentelemetry-exporter-otlp-proto-http
greenlet==3.3.2
    # via
    #   -r requirements.txt
    #   sqlalchemy
grpcio==1.78.0
    # via
    #   opensearch-protobufs
    #   opentelemetry-exporter-otlp-proto-grpc
h11==0.16.0
    # via
    #   -r requirements.txt
    #   httpcore
    #   uvicorn
httpcore==1.0.9
    # via httpx
httpx==0.28.1
    # via
    #   -r requirements.txt
    #   langgraph-sdk
    #   langsmith
    #   openai
idna==3.11
    # via
    #   anyio
    #   httpx
    #   requests
    #   tldextract
importlib-metadata==8.7.1
    # via opentelemetry-api
iniconfig==2.3.0
    # via pytest
jinja2==3.1.6
    # via
    #   -r requirements.txt
    #   spacy
jiter==0.13.0
    # via openai
jsonpatch==1.33
    # via langchain-core
jsonpointer==3.0.0
    # via jsonpatch
langchain-core==1.2.16
    # via
    #   -r requirements.txt
    #   langgraph
    #   langgraph-checkpoint
    #   langgraph-prebuilt
langdetect==1.0.9
    # via -r requirements.txt
langgraph==1.0.10
    # via -r requirements.txt
langgraph-checkpoint==4.0.1
    # via
    #   langgraph
    #   langgraph-prebuilt
langgraph-prebuilt==1.0.8
    # via langgraph
langgraph-sdk==0.3.9
    # via langgraph
langsmith==0.7.9
    # via langchain-core
mako==1.3.10
    # via alembic
markdown-it-py==4.0.0
    # via rich
markupsafe==3.0.3
    # via
    #   jinja2
    #   mako
mdurl==0.1.2
    # via markdown-it-py
murmurhash==1.0.15
    # via
    #   preshed
    #   spacy
    #   thinc
numpy==2.4.2
    # via
    #   blis
    #   spacy
    #   thinc
openai==2.24.0
    # via -r requirements.txt
opensearch-protobufs==0.19.0
    # via opensearch-py
opensearch-py==3.1.0
    # via -r requirements.txt
opentelemetry-api==1.39.1
    # via
    #   -r requirements.txt
    #   opentelemetry-exporter-otlp-proto-grpc
    #   opentelemetry-exporter-otlp-proto-http
    #   opentelemetry-instrumentation
    #   opentelemetry-instrumentation-asgi
    #   opentelemetry-instrumentation-asyncpg
    #   opentelemetry-instrumentation-fastapi
    #   opentelemetry-instrumentation-httpx
    #   opentelemetry-instrumentation-redis
    #   opentelemetry-sdk
    #   opentelemetry-semantic-conventions
opentelemetry-exporter-otlp==1.39.1
    # via -r requirements.txt
opentelemetry-exporter-otlp-proto-common==1.39.1
    # via
    #   opentelemetry-exporter-otlp-proto-grpc
    #   opentelemetry-exporter-otlp-proto-http
opentelemetry-exporter-otlp-proto-grpc==1.39.1
    # via opentelemetry-exporter-otlp
opentelemetry-exporter-otlp-proto-http==1.39.1
    # via opentelemetry-exporter-otlp
opentelemetry-instrumentation==0.60b1
    # via
    #   opentelemetry-instrumentation-asgi
    #   opentelemetry-instrumentation-asyncpg
    #   opentelemetry-instrumentation-fastapi
    #   opentelemetry-instrumentation-httpx
    #   opentelemetry-instrumentation-redis
opentelemetry-instrumentation-asgi==0.60b1
    # via opentelemetry-instrumentation-fastapi
opentelemetry-instrumentation-asyncpg==0.60b1
    # via -r requirements.txt
opentelemetry-instrumentation-fastapi==0.60b1
    # via -r requirements.txt
opentelemetry-instrumentation-httpx==0.60b1
    # via -r requirements.txt
opentelemetry-instrumentation-redis==0.60b1
    # via -r requirements.txt
opentelemetry-proto==1.39.1
    # via
    #   opentelemetry-exporter-otlp-proto-common
    #   opentelemetry-exporter-otlp-proto-grpc
    #   opentelemetry-exporter-otlp-proto-http
opentelemetry-sdk==1.39.1
    # via
    #   -r requirements.txt
    #   opentelemetry-exporter-otlp-proto-grpc
    #   opentelemetry-exporter-otlp-proto-http
opentelemetry-semantic-conventions==0.60b1
    # via
    #   opentelemetry-instrumentation
    #   opentelemetry-instrumentation-asgi
    #   opentelemetry-instrumentation-asyncpg
    #   opentelemetry-instrumentation-fastapi
    #   opentelemetry-instrumentation-httpx
    #   opentelemetry-instrumentation-redis
    #   opentelemetry-sdk
opentelemetry-util-http==0.60b1
    # via
    #   opentelemetry-instrumentation-asgi
    #   opentelemetry-instrumentation-fastapi
    #   opentelemetry-instrumentation-httpx
orjson==3.11.7
    # via
    #   langgraph-sdk
    #   langsmith
ormsgpack==1.12.2
    # via langgraph-checkpoint
packaging==26.0
    # via
    #   langchain-core
    #   langsmith
    #   opentelemetry-instrumentation
    #   pytest
    #   spacy
    #   thinc
    #   weasel
phonenumbers==9.0.25
    # via presidio-analyzer
pluggy==1.6.0
    # via
    #   pytest
    #   pytest-cov
preshed==3.0.12
    # via
    #   spacy
    #   thinc
presidio-analyzer==2.2.361
    # via -r requirements.txt
presidio-anonymizer==2.2.361
    # via -r requirements.txt
prometheus-client==0.24.1
    # via -r requirements.txt
protobuf==6.33.5
    # via
    #   -r requirements.txt
    #   googleapis-common-protos
    #   opensearch-protobufs
    #   opentelemetry-proto
pyasn1==0.6.2
    # via -r requirements.txt
pycparser==3.0
    # via cffi
pydantic==2.12.5
    # via
    #   -r requirements.txt
    #   confection
    #   fastapi
    #   langchain-core
    #   langgraph
    #   langsmith
    #   openai
    #   presidio-analyzer
    #   pydantic-settings
    #   spacy
    #   thinc
    #   weasel
pydantic-core==2.41.5
    # via pydantic
pydantic-settings==2.13.1
    # via -r requirements.txt
pygments==2.19.2
    # via
    #   pytest
    #   rich
pyjwt==2.11.0
    # via -r requirements.txt
pytest==9.0.2
    # via
    #   -r requirements.txt
    #   pytest-asyncio
    #   pytest-cov
pytest-asyncio==1.3.0
    # via -r requirements.txt
pytest-cov==7.0.0
    # via -r requirements.txt
python-dateutil==2.9.0.post0
    # via opensearch-py
python-dotenv==1.2.2
    # via pydantic-settings
pyyaml==6.0.3
    # via
    #   langchain-core
    #   presidio-analyzer
redis==7.2.1
    # via -r requirements.txt
regex==2026.2.28
    # via
    #   presidio-analyzer
    #   tiktoken
requests==2.32.5
    # via
    #   -r requirements.txt
    #   langsmith
    #   opensearch-py
    #   opentelemetry-exporter-otlp-proto-http
    #   requests-file
    #   requests-toolbelt
    #   spacy
    #   tiktoken
    #   tldextract
    #   weasel
requests-file==3.0.1
    # via tldextract
requests-toolbelt==1.0.0
    # via langsmith
rich==14.3.3
    # via typer
setuptools==82.0.0
    # via
    #   -r requirements.txt
    #   spacy
    #   thinc
shellingham==1.5.4
    # via typer
six==1.17.0
    # via
    #   langdetect
    #   python-dateutil
smart-open==7.5.1
    # via weasel
sniffio==1.3.1
    # via openai
spacy==3.8.11
    # via presidio-analyzer
spacy-legacy==3.0.12
    # via spacy
spacy-loggers==1.0.5
    # via spacy
sqlalchemy==2.0.48
    # via
    #   -r requirements.txt
    #   alembic
srsly==2.5.2
    # via
    #   confection
    #   spacy
    #   thinc
    #   weasel
sse-starlette==3.3.2
    # via -r requirements.txt
starlette==0.52.1
    # via
    #   fastapi
    #   sse-starlette
structlog==25.5.0
    # via -r requirements.txt
tenacity==9.1.4
    # via
    #   -r requirements.txt
    #   langchain-core
thinc==8.3.10
    # via spacy
tiktoken==0.12.0
    # via -r requirements.txt
tldextract==5.3.1
    # via presidio-analyzer
tomli==2.4.0
    # via coverage
tqdm==4.67.3
    # via
    #   openai
    #   spacy
typer==0.24.1
    # via typer-slim
typer-slim==0.24.0
    # via
    #   spacy
    #   weasel
typing-extensions==4.15.0
    # via
    #   alembic
    #   anyio
    #   fastapi
    #   grpcio
    #   langchain-core
    #   openai
    #   opentelemetry-api
    #   opentelemetry-exporter-otlp-proto-grpc
    #   opentelemetry-exporter-otlp-proto-http
    #   opentelemetry-sdk
    #   opentelemetry-semantic-conventions
    #   pydantic
    #   pydantic-core
    #   pytest-asyncio
    #   sqlalchemy
    #   starlette
    #   typing-inspection
typing-inspection==0.4.2
    # via
    #   fastapi
    #   pydantic
    #   pydantic-settings
tzlocal==5.3.1
    # via apscheduler
urllib3==2.6.3
    # via
    #   -r requirements.txt
    #   opensearch-py
    #   requests
uuid-utils==0.14.1
    # via
    #   langchain-core
    #   langsmith
uvicorn==0.41.0
    # via -r requirements.txt
wasabi==1.1.3
    # via
    #   spacy
    #   thinc
    #   weasel
weasel==0.4.3
    # via spacy
wrapt==1.17.3
    # via
    #   opentelemetry-instrumentation
    #   opentelemetry-instrumentation-httpx
    #   opentelemetry-instrumentation-redis
    #   smart-open
xxhash==3.6.0
    # via
    #   langgraph
    #   langsmith
zipp==3.23.0
    # via
    #   -r requirements.txt
    #   importlib-metadata
zstandard==0.25.0
    # via langsmith
